{
  "name": "sap-devops-demo",
  "version": "1.0.0",
  "lockfileVersion": 3,
  "requires": true,
  "packages": {
    "": {
      "name": "sap-devops-demo",
      "version": "1.0.0",
      "devDependencies": {
        "@abaplint/cli": "latest"
      }
    },
    "node_modules/@abaplint/cli": {
      "version": "2.119.21",
      "resolved": "https://registry.npmjs.org/@abaplint/cli/-/cli-2.119.21.tgz",
      "integrity": "sha512-2DLaUiovKkeDQwk9owgkbY44sj5v9AEa2mNz5IDvwMLjLWpKsikB06arKfi0Xz9jtpAT1EWam0Mq81vPFO90Dg==",
      "dev": true,
      "license": "MIT",
      "bin": {
        "abaplint": "abaplint"
      },
      "engines": {
        "node": ">=18.0.0"
      },
      "funding": {
        "url": "https://github.com/sponsors/larshp"
      }
    }
  }
}
